
Microsoft Visual Studio Solution File, Format Version 12.00
# Visual Studio 15
VisualStudioVersion = 15.0.28307.329
MinimumVisualStudioVersion = 10.0.40219.1
Project("{FAE04EC0-301F-11D3-BF4B-00C04F79EFBC}") = "Task 2", "Task 2\Task 2.csproj", "{C7E346C0-B828-42E1-8355-25BCAB487EAD}"
EndProject
Global
	GlobalSection(SolutionConfigurationPlatforms) = preSolution
		Debug|Any CPU = Debug|Any CPU
		Release|Any CPU = Release|Any CPU
	EndGlobalSection
	GlobalSection(ProjectConfigurationPlatforms) = postSolution
		{C7E346C0-B828-42E1-8355-25BCAB487EAD}.Debug|Any CPU.ActiveCfg = Debug|Any CPU
		{C7E346C0-B828-42E1-8355-25BCAB487EAD}.Debug|Any CPU.Build.0 = Debug|Any CPU
		{C7E346C0-B828-42E1-8355-25BCAB487EAD}.Release|Any CPU.ActiveCfg = Release|Any CPU
		{C7E346C0-B828-42E1-8355-25BCAB487EAD}.Release|Any CPU.Build.0 = Release|Any CPU
	EndGlobalSection
	GlobalSection(SolutionProperties) = preSolution
		HideSolutionNode = FALSE
	EndGlobalSection
	GlobalSection(ExtensibilityGlobals) = postSolution
		SolutionGuid = {C98DAA72-4C1F-451A-99A7-F0C2F6D9E221}
	EndGlobalSection
EndGlobal
